
Microsoft Visual Studio Solution File, Format Version 12.00
# Visual Studio Version 17
VisualStudioVersion = 17.3.32819.101
MinimumVisualStudioVersion = 10.0.40219.1
Project("{FAE04EC0-301F-11D3-BF4B-00C04F79EFBC}") = "GameofLife_BrandonYates", "GameofLife_BrandonYates\GameofLife_BrandonYates.csproj", "{6DAE980A-E7AB-4FBF-8B50-CD925C60C334}"
EndProject
Global
	GlobalSection(SolutionConfigurationPlatforms) = preSolution
		Debug|Any CPU = Debug|Any CPU
		Release|Any CPU = Release|Any CPU
	EndGlobalSection
	GlobalSection(ProjectConfigurationPlatforms) = postSolution
		{6DAE980A-E7AB-4FBF-8B50-CD925C60C334}.Debug|Any CPU.ActiveCfg = Debug|Any CPU
		{6DAE980A-E7AB-4FBF-8B50-CD925C60C334}.Debug|Any CPU.Build.0 = Debug|Any CPU
		{6DAE980A-E7AB-4FBF-8B50-CD925C60C334}.Release|Any CPU.ActiveCfg = Release|Any CPU
		{6DAE980A-E7AB-4FBF-8B50-CD925C60C334}.Release|Any CPU.Build.0 = Release|Any CPU
	EndGlobalSection
	GlobalSection(SolutionProperties) = preSolution
		HideSolutionNode = FALSE
	EndGlobalSection
	GlobalSection(ExtensibilityGlobals) = postSolution
		SolutionGuid = {00AE942D-A041-4A35-A3EB-4158CECD32A8}
	EndGlobalSection
EndGlobal
